
Microsoft Visual Studio Solution File, Format Version 12.00
# Visual Studio 2013
VisualStudioVersion = 12.0.21005.1
MinimumVisualStudioVersion = 10.0.40219.1
Project("{CC5FD16D-436D-48AD-A40C-5A424C6E3E79}") = "WindowsAzure.Scheduler.CloudServices", "WindowsAzure.Scheduler.CloudServices\WindowsAzure.Scheduler.CloudServices.ccproj", "{B478548B-1569-4226-883B-568332AE7960}"
EndProject
Project("{FAE04EC0-301F-11D3-BF4B-00C04F79EFBC}") = "WindowsAzure.Scheduler.DemoWorker", "WindowsAzure.Scheduler.DemoWorker\WindowsAzure.Scheduler.DemoWorker.csproj", "{86E477B1-7288-4876-BA95-4BEB1F535F04}"
EndProject
Project("{FAE04EC0-301F-11D3-BF4B-00C04F79EFBC}") = "WindowsAzure.Scheduler", "WindowsAzure.Scheduler\WindowsAzure.Scheduler.csproj", "{BA526760-0A42-4BFF-9C36-835BE384B738}"
EndProject
Global
	GlobalSection(SolutionConfigurationPlatforms) = preSolution
		Debug|Any CPU = Debug|Any CPU
		Release|Any CPU = Release|Any CPU
	EndGlobalSection
	GlobalSection(ProjectConfigurationPlatforms) = postSolution
		{B478548B-1569-4226-883B-568332AE7960}.Debug|Any CPU.ActiveCfg = Debug|Any CPU
		{B478548B-1569-4226-883B-568332AE7960}.Debug|Any CPU.Build.0 = Debug|Any CPU
		{B478548B-1569-4226-883B-568332AE7960}.Release|Any CPU.ActiveCfg = Release|Any CPU
		{B478548B-1569-4226-883B-568332AE7960}.Release|Any CPU.Build.0 = Release|Any CPU
		{86E477B1-7288-4876-BA95-4BEB1F535F04}.Debug|Any CPU.ActiveCfg = Debug|Any CPU
		{86E477B1-7288-4876-BA95-4BEB1F535F04}.Debug|Any CPU.Build.0 = Debug|Any CPU
		{86E477B1-7288-4876-BA95-4BEB1F535F04}.Release|Any CPU.ActiveCfg = Release|Any CPU
		{86E477B1-7288-4876-BA95-4BEB1F535F04}.Release|Any CPU.Build.0 = Release|Any CPU
		{BA526760-0A42-4BFF-9C36-835BE384B738}.Debug|Any CPU.ActiveCfg = Debug|Any CPU
		{BA526760-0A42-4BFF-9C36-835BE384B738}.Debug|Any CPU.Build.0 = Debug|Any CPU
		{BA526760-0A42-4BFF-9C36-835BE384B738}.Release|Any CPU.ActiveCfg = Release|Any CPU
		{BA526760-0A42-4BFF-9C36-835BE384B738}.Release|Any CPU.Build.0 = Release|Any CPU
	EndGlobalSection
	GlobalSection(SolutionProperties) = preSolution
		HideSolutionNode = FALSE
	EndGlobalSection
EndGlobal
